
Microsoft Visual Studio Solution File, Format Version 12.00
# Visual Studio 15
VisualStudioVersion = 15.0.26730.16
MinimumVisualStudioVersion = 10.0.40219.1
Project("{FAE04EC0-301F-11D3-BF4B-00C04F79EFBC}") = "nga", "nga\nga.csproj", "{EAE64252-FC7A-4A2F-87D1-7294AB2CD830}"
EndProject
Global
	GlobalSection(SolutionConfigurationPlatforms) = preSolution
		Debug|Any CPU = Debug|Any CPU
		Release|Any CPU = Release|Any CPU
	EndGlobalSection
	GlobalSection(ProjectConfigurationPlatforms) = postSolution
		{EAE64252-FC7A-4A2F-87D1-7294AB2CD830}.Debug|Any CPU.ActiveCfg = Debug|Any CPU
		{EAE64252-FC7A-4A2F-87D1-7294AB2CD830}.Debug|Any CPU.Build.0 = Debug|Any CPU
		{EAE64252-FC7A-4A2F-87D1-7294AB2CD830}.Release|Any CPU.ActiveCfg = Release|Any CPU
		{EAE64252-FC7A-4A2F-87D1-7294AB2CD830}.Release|Any CPU.Build.0 = Release|Any CPU
	EndGlobalSection
	GlobalSection(SolutionProperties) = preSolution
		HideSolutionNode = FALSE
	EndGlobalSection
	GlobalSection(ExtensibilityGlobals) = postSolution
		SolutionGuid = {DAEA5D7A-4164-4A5E-95A4-3F8033DAC255}
	EndGlobalSection
EndGlobal
